
Microsoft Visual Studio Solution File, Format Version 12.00
# Visual Studio Version 17
VisualStudioVersion = 17.0.32112.339
MinimumVisualStudioVersion = 10.0.40219.1
Project("{FAE04EC0-301F-11D3-BF4B-00C04F79EFBC}") = "Prueba", "Prueba\Prueba.csproj", "{0A7AE8DC-F8F5-4DD1-96E7-0F3AEE63267B}"
EndProject
Global
	GlobalSection(SolutionConfigurationPlatforms) = preSolution
		Debug|Any CPU = Debug|Any CPU
		Release|Any CPU = Release|Any CPU
	EndGlobalSection
	GlobalSection(ProjectConfigurationPlatforms) = postSolution
		{0A7AE8DC-F8F5-4DD1-96E7-0F3AEE63267B}.Debug|Any CPU.ActiveCfg = Debug|Any CPU
		{0A7AE8DC-F8F5-4DD1-96E7-0F3AEE63267B}.Debug|Any CPU.Build.0 = Debug|Any CPU
		{0A7AE8DC-F8F5-4DD1-96E7-0F3AEE63267B}.Release|Any CPU.ActiveCfg = Release|Any CPU
		{0A7AE8DC-F8F5-4DD1-96E7-0F3AEE63267B}.Release|Any CPU.Build.0 = Release|Any CPU
	EndGlobalSection
	GlobalSection(SolutionProperties) = preSolution
		HideSolutionNode = FALSE
	EndGlobalSection
	GlobalSection(ExtensibilityGlobals) = postSolution
		SolutionGuid = {C6772D65-6BE4-446F-85F9-3BAAC916B8E4}
	EndGlobalSection
EndGlobal
